
Microsoft Visual Studio Solution File, Format Version 12.00
# Visual Studio 15
VisualStudioVersion = 15.0.26228.9
MinimumVisualStudioVersion = 10.0.40219.1
Project("{FAE04EC0-301F-11D3-BF4B-00C04F79EFBC}") = "JRoy", "JRoy\JRoy.csproj", "{3C31E91B-8F6D-4D57-9C14-ED0F4E1CC095}"
EndProject
Global
	GlobalSection(SolutionConfigurationPlatforms) = preSolution
		Debug|Any CPU = Debug|Any CPU
		Release|Any CPU = Release|Any CPU
	EndGlobalSection
	GlobalSection(ProjectConfigurationPlatforms) = postSolution
		{3C31E91B-8F6D-4D57-9C14-ED0F4E1CC095}.Debug|Any CPU.ActiveCfg = Debug|Any CPU
		{3C31E91B-8F6D-4D57-9C14-ED0F4E1CC095}.Debug|Any CPU.Build.0 = Debug|Any CPU
		{3C31E91B-8F6D-4D57-9C14-ED0F4E1CC095}.Release|Any CPU.ActiveCfg = Release|Any CPU
		{3C31E91B-8F6D-4D57-9C14-ED0F4E1CC095}.Release|Any CPU.Build.0 = Release|Any CPU
	EndGlobalSection
	GlobalSection(SolutionProperties) = preSolution
		HideSolutionNode = FALSE
	EndGlobalSection
EndGlobal
